{
  "originHash" : "63469271e4c65004ebb8c0c315fbfe13f83745f1578c87c85ecf681389b5bef3",
  "pins" : [
    {
      "identity" : "swiftformat",
      "kind" : "remoteSourceControl",
      "location" : "https://github.com/nicklockwood/SwiftFormat",
      "state" : {
        "revision" : "4e92b81311f528cfdca8015d629c650d0aff94ce",
        "version" : "0.55.4"
      }
    },
    {
      "identity" : "swiftlintplugins",
      "kind" : "remoteSourceControl",
      "location" : "https://github.com/SimplyDanny/SwiftLintPlugins",
      "state" : {
        "revision" : "f9731bef175c3eea3a0ca960f1be78fcc2bc7853",
        "version" : "0.57.1"
      }
    }
  ],
  "version" : 3
}
