// !$*UTF8*$!
{
	archiveVersion = 1;
	classes = {
	};
	objectVersion = 77;
	objects = {

/* Begin PBXContainerItemProxy section */
		D6D566862D276F3E004FDEC1 /* PBXContainerItemProxy */ = {
			isa = PBXContainerItemProxy;
			containerPortal = D6D5666D2D276F3A004FDEC1 /* Project object */;
			proxyType = 1;
			remoteGlobalIDString = D6D566742D276F3A004FDEC1;
			remoteInfo = CounterSample;
		};
		D6D566902D276F3E004FDEC1 /* PBXContainerItemProxy */ = {
			isa = PBXContainerItemProxy;
			containerPortal = D6D5666D2D276F3A004FDEC1 /* Project object */;
			proxyType = 1;
			remoteGlobalIDString = D6D566742D276F3A004FDEC1;
			remoteInfo = CounterSample;
		};
/* End PBXContainerItemProxy section */

/* Begin PBXFileReference section */
		D6CC4E1C2D27778300665A4F /* BuildTools */ = {isa = PBXFileReference; lastKnownFileType = wrapper; path = BuildTools; sourceTree = "<group>"; };
		D6CC4E202D2779D100665A4F /* .swiftformat */ = {isa = PBXFileReference; lastKnownFileType = text; path = .swiftformat; sourceTree = "<group>"; };
		D6D566752D276F3A004FDEC1 /* CounterSample.app */ = {isa = PBXFileReference; explicitFileType = wrapper.application; includeInIndex = 0; path = CounterSample.app; sourceTree = BUILT_PRODUCTS_DIR; };
		D6D566852D276F3E004FDEC1 /* CounterSampleTests.xctest */ = {isa = PBXFileReference; explicitFileType = wrapper.cfbundle; includeInIndex = 0; path = CounterSampleTests.xctest; sourceTree = BUILT_PRODUCTS_DIR; };
		D6D5668F2D276F3E004FDEC1 /* CounterSampleUITests.xctest */ = {isa = PBXFileReference; explicitFileType = wrapper.cfbundle; includeInIndex = 0; path = CounterSampleUITests.xctest; sourceTree = BUILT_PRODUCTS_DIR; };
/* End PBXFileReference section */

/* Begin PBXFileSystemSynchronizedBuildFileExceptionSet section */
		D67263882D2A17380028563F /* Exceptions for "CounterSample" folder in "CounterSample" target */ = {
			isa = PBXFileSystemSynchronizedBuildFileExceptionSet;
			membershipExceptions = (
				Info.plist,
			);
			target = D6D566742D276F3A004FDEC1 /* CounterSample */;
		};
/* End PBXFileSystemSynchronizedBuildFileExceptionSet section */

/* Begin PBXFileSystemSynchronizedRootGroup section */
		D67263852D2A158D0028563F /* ci_scripts */ = {
			isa = PBXFileSystemSynchronizedRootGroup;
			path = ci_scripts;
			sourceTree = "<group>";
		};
		D6D566772D276F3A004FDEC1 /* CounterSample */ = {
			isa = PBXFileSystemSynchronizedRootGroup;
			exceptions = (
				D67263882D2A17380028563F /* Exceptions for "CounterSample" folder in "CounterSample" target */,
			);
			path = CounterSample;
			sourceTree = "<group>";
		};
		D6D566882D276F3E004FDEC1 /* CounterSampleTests */ = {
			isa = PBXFileSystemSynchronizedRootGroup;
			path = CounterSampleTests;
			sourceTree = "<group>";
		};
		D6D566922D276F3E004FDEC1 /* CounterSampleUITests */ = {
			isa = PBXFileSystemSynchronizedRootGroup;
			path = CounterSampleUITests;
			sourceTree = "<group>";
		};
/* End PBXFileSystemSynchronizedRootGroup section */

/* Begin PBXFrameworksBuildPhase section */
		D6D566722D276F3A004FDEC1 /* Frameworks */ = {
			isa = PBXFrameworksBuildPhase;
			buildActionMask = 2147483647;
			files = (
			);
			runOnlyForDeploymentPostprocessing = 0;
		};
		D6D566822D276F3E004FDEC1 /* Frameworks */ = {
			isa = PBXFrameworksBuildPhase;
			buildActionMask = 2147483647;
			files = (
			);
			runOnlyForDeploymentPostprocessing = 0;
		};
		D6D5668C2D276F3E004FDEC1 /* Frameworks */ = {
			isa = PBXFrameworksBuildPhase;
			buildActionMask = 2147483647;
			files = (
			);
			runOnlyForDeploymentPostprocessing = 0;
		};
/* End PBXFrameworksBuildPhase section */

/* Begin PBXGroup section */
		D6D5666C2D276F3A004FDEC1 = {
			isa = PBXGroup;
			children = (
				D67263852D2A158D0028563F /* ci_scripts */,
				D6CC4E202D2779D100665A4F /* .swiftformat */,
				D6CC4E1C2D27778300665A4F /* BuildTools */,
				D6D566772D276F3A004FDEC1 /* CounterSample */,
				D6D566882D276F3E004FDEC1 /* CounterSampleTests */,
				D6D566922D276F3E004FDEC1 /* CounterSampleUITests */,
				D6D566762D276F3A004FDEC1 /* Products */,
			);
			sourceTree = "<group>";
		};
		D6D566762D276F3A004FDEC1 /* Products */ = {
			isa = PBXGroup;
			children = (
				D6D566752D276F3A004FDEC1 /* CounterSample.app */,
				D6D566852D276F3E004FDEC1 /* CounterSampleTests.xctest */,
				D6D5668F2D276F3E004FDEC1 /* CounterSampleUITests.xctest */,
			);
			name = Products;
			sourceTree = "<group>";
		};
/* End PBXGroup section */

/* Begin PBXNativeTarget section */
		D6D566742D276F3A004FDEC1 /* CounterSample */ = {
			isa = PBXNativeTarget;
			buildConfigurationList = D6D566992D276F3E004FDEC1 /* Build configuration list for PBXNativeTarget "CounterSample" */;
			buildPhases = (
				D6CC4E1E2D2777E700665A4F /* SwiftFormat */,
				D6D566712D276F3A004FDEC1 /* Sources */,
				D6D566722D276F3A004FDEC1 /* Frameworks */,
				D6D566732D276F3A004FDEC1 /* Resources */,
			);
			buildRules = (
			);
			dependencies = (
				D6D566A42D27749B004FDEC1 /* PBXTargetDependency */,
			);
			fileSystemSynchronizedGroups = (
				D6D566772D276F3A004FDEC1 /* CounterSample */,
			);
			name = CounterSample;
			packageProductDependencies = (
			);
			productName = CounterSample;
			productReference = D6D566752D276F3A004FDEC1 /* CounterSample.app */;
			productType = "com.apple.product-type.application";
		};
		D6D566842D276F3E004FDEC1 /* CounterSampleTests */ = {
			isa = PBXNativeTarget;
			buildConfigurationList = D6D5669C2D276F3E004FDEC1 /* Build configuration list for PBXNativeTarget "CounterSampleTests" */;
			buildPhases = (
				D6D566812D276F3E004FDEC1 /* Sources */,
				D6D566822D276F3E004FDEC1 /* Frameworks */,
				D6D566832D276F3E004FDEC1 /* Resources */,
			);
			buildRules = (
			);
			dependencies = (
				D6D566A62D2774AC004FDEC1 /* PBXTargetDependency */,
				D6D566872D276F3E004FDEC1 /* PBXTargetDependency */,
			);
			fileSystemSynchronizedGroups = (
				D6D566882D276F3E004FDEC1 /* CounterSampleTests */,
			);
			name = CounterSampleTests;
			packageProductDependencies = (
			);
			productName = CounterSampleTests;
			productReference = D6D566852D276F3E004FDEC1 /* CounterSampleTests.xctest */;
			productType = "com.apple.product-type.bundle.unit-test";
		};
		D6D5668E2D276F3E004FDEC1 /* CounterSampleUITests */ = {
			isa = PBXNativeTarget;
			buildConfigurationList = D6D5669F2D276F3E004FDEC1 /* Build configuration list for PBXNativeTarget "CounterSampleUITests" */;
			buildPhases = (
				D6CC4E1F2D27786F00665A4F /* SwiftFormat */,
				D6D5668B2D276F3E004FDEC1 /* Sources */,
				D6D5668C2D276F3E004FDEC1 /* Frameworks */,
				D6D5668D2D276F3E004FDEC1 /* Resources */,
			);
			buildRules = (
			);
			dependencies = (
				D6D566A82D2774B2004FDEC1 /* PBXTargetDependency */,
				D6D566912D276F3E004FDEC1 /* PBXTargetDependency */,
			);
			fileSystemSynchronizedGroups = (
				D6D566922D276F3E004FDEC1 /* CounterSampleUITests */,
			);
			name = CounterSampleUITests;
			packageProductDependencies = (
			);
			productName = CounterSampleUITests;
			productReference = D6D5668F2D276F3E004FDEC1 /* CounterSampleUITests.xctest */;
			productType = "com.apple.product-type.bundle.ui-testing";
		};
/* End PBXNativeTarget section */

/* Begin PBXProject section */
		D6D5666D2D276F3A004FDEC1 /* Project object */ = {
			isa = PBXProject;
			attributes = {
				BuildIndependentTargetsInParallel = 1;
				LastSwiftUpdateCheck = 1620;
				LastUpgradeCheck = 1620;
				TargetAttributes = {
					D6D566742D276F3A004FDEC1 = {
						CreatedOnToolsVersion = 16.2;
					};
					D6D566842D276F3E004FDEC1 = {
						CreatedOnToolsVersion = 16.2;
						TestTargetID = D6D566742D276F3A004FDEC1;
					};
					D6D5668E2D276F3E004FDEC1 = {
						CreatedOnToolsVersion = 16.2;
						TestTargetID = D6D566742D276F3A004FDEC1;
					};
				};
			};
			buildConfigurationList = D6D566702D276F3A004FDEC1 /* Build configuration list for PBXProject "CounterSample" */;
			developmentRegion = en;
			hasScannedForEncodings = 0;
			knownRegions = (
				en,
				Base,
			);
			mainGroup = D6D5666C2D276F3A004FDEC1;
			minimizedProjectReferenceProxies = 1;
			packageReferences = (
				D6D566A22D277477004FDEC1 /* XCRemoteSwiftPackageReference "SwiftLintPlugins" */,
			);
			preferredProjectObjectVersion = 77;
			productRefGroup = D6D566762D276F3A004FDEC1 /* Products */;
			projectDirPath = "";
			projectRoot = "";
			targets = (
				D6D566742D276F3A004FDEC1 /* CounterSample */,
				D6D566842D276F3E004FDEC1 /* CounterSampleTests */,
				D6D5668E2D276F3E004FDEC1 /* CounterSampleUITests */,
			);
		};
/* End PBXProject section */

/* Begin PBXResourcesBuildPhase section */
		D6D566732D276F3A004FDEC1 /* Resources */ = {
			isa = PBXResourcesBuildPhase;
			buildActionMask = 2147483647;
			files = (
			);
			runOnlyForDeploymentPostprocessing = 0;
		};
		D6D566832D276F3E004FDEC1 /* Resources */ = {
			isa = PBXResourcesBuildPhase;
			buildActionMask = 2147483647;
			files = (
			);
			runOnlyForDeploymentPostprocessing = 0;
		};
		D6D5668D2D276F3E004FDEC1 /* Resources */ = {
			isa = PBXResourcesBuildPhase;
			buildActionMask = 2147483647;
			files = (
			);
			runOnlyForDeploymentPostprocessing = 0;
		};
/* End PBXResourcesBuildPhase section */

/* Begin PBXShellScriptBuildPhase section */
		D6CC4E1E2D2777E700665A4F /* SwiftFormat */ = {
			isa = PBXShellScriptBuildPhase;
			alwaysOutOfDate = 1;
			buildActionMask = 2147483647;
			files = (
			);
			inputFileListPaths = (
			);
			inputPaths = (
			);
			name = SwiftFormat;
			outputFileListPaths = (
			);
			outputPaths = (
			);
			runOnlyForDeploymentPostprocessing = 0;
			shellPath = /bin/sh;
			shellScript = "# Type a script or drag a script file from your workspace to insert its path.\ncd BuildTools\nSDKROOT=(xcrun --sdk macosx --show-sdk-path)\n#swift package update #Uncomment this line temporarily to update the version used to the latest matching your BuildTools/Package.swift file\nswift run -c release swiftformat --lint --lenient \"$SRCROOT\"\n";
		};
		D6CC4E1F2D27786F00665A4F /* SwiftFormat */ = {
			isa = PBXShellScriptBuildPhase;
			alwaysOutOfDate = 1;
			buildActionMask = 2147483647;
			files = (
			);
			inputFileListPaths = (
			);
			inputPaths = (
			);
			name = SwiftFormat;
			outputFileListPaths = (
			);
			outputPaths = (
			);
			runOnlyForDeploymentPostprocessing = 0;
			shellPath = /bin/sh;
			shellScript = "# Type a script or drag a script file from your workspace to insert its path.\ncd BuildTools\nSDKROOT=(xcrun --sdk macosx --show-sdk-path)\n#swift package update #Uncomment this line temporarily to update the version used to the latest matching your BuildTools/Package.swift file\nswift run -c release swiftformat \"$SRCROOT\"\n";
		};
/* End PBXShellScriptBuildPhase section */

/* Begin PBXSourcesBuildPhase section */
		D6D566712D276F3A004FDEC1 /* Sources */ = {
			isa = PBXSourcesBuildPhase;
			buildActionMask = 2147483647;
			files = (
			);
			runOnlyForDeploymentPostprocessing = 0;
		};
		D6D566812D276F3E004FDEC1 /* Sources */ = {
			isa = PBXSourcesBuildPhase;
			buildActionMask = 2147483647;
			files = (
			);
			runOnlyForDeploymentPostprocessing = 0;
		};
		D6D5668B2D276F3E004FDEC1 /* Sources */ = {
			isa = PBXSourcesBuildPhase;
			buildActionMask = 2147483647;
			files = (
			);
			runOnlyForDeploymentPostprocessing = 0;
		};
/* End PBXSourcesBuildPhase section */

/* Begin PBXTargetDependency section */
		D6D566872D276F3E004FDEC1 /* PBXTargetDependency */ = {
			isa = PBXTargetDependency;
			target = D6D566742D276F3A004FDEC1 /* CounterSample */;
			targetProxy = D6D566862D276F3E004FDEC1 /* PBXContainerItemProxy */;
		};
		D6D566912D276F3E004FDEC1 /* PBXTargetDependency */ = {
			isa = PBXTargetDependency;
			target = D6D566742D276F3A004FDEC1 /* CounterSample */;
			targetProxy = D6D566902D276F3E004FDEC1 /* PBXContainerItemProxy */;
		};
		D6D566A42D27749B004FDEC1 /* PBXTargetDependency */ = {
			isa = PBXTargetDependency;
			productRef = D6D566A32D27749B004FDEC1 /* SwiftLintBuildToolPlugin */;
		};
		D6D566A62D2774AC004FDEC1 /* PBXTargetDependency */ = {
			isa = PBXTargetDependency;
			productRef = D6D566A52D2774AC004FDEC1 /* SwiftLintBuildToolPlugin */;
		};
		D6D566A82D2774B2004FDEC1 /* PBXTargetDependency */ = {
			isa = PBXTargetDependency;
			productRef = D6D566A72D2774B2004FDEC1 /* SwiftLintBuildToolPlugin */;
		};
/* End PBXTargetDependency section */

/* Begin XCBuildConfiguration section */
		D6D566972D276F3E004FDEC1 /* Debug */ = {
			isa = XCBuildConfiguration;
			buildSettings = {
				ALWAYS_SEARCH_USER_PATHS = NO;
				ASSETCATALOG_COMPILER_GENERATE_SWIFT_ASSET_SYMBOL_EXTENSIONS = YES;
				CLANG_ANALYZER_NONNULL = YES;
				CLANG_ANALYZER_NUMBER_OBJECT_CONVERSION = YES_AGGRESSIVE;
				CLANG_CXX_LANGUAGE_STANDARD = "gnu++20";
				CLANG_ENABLE_MODULES = YES;
				CLANG_ENABLE_OBJC_ARC = YES;
				CLANG_ENABLE_OBJC_WEAK = YES;
				CLANG_WARN_BLOCK_CAPTURE_AUTORELEASING = YES;
				CLANG_WARN_BOOL_CONVERSION = YES;
				CLANG_WARN_COMMA = YES;
				CLANG_WARN_CONSTANT_CONVERSION = YES;
				CLANG_WARN_DEPRECATED_OBJC_IMPLEMENTATIONS = YES;
				CLANG_WARN_DIRECT_OBJC_ISA_USAGE = YES_ERROR;
				CLANG_WARN_DOCUMENTATION_COMMENTS = YES;
				CLANG_WARN_EMPTY_BODY = YES;
				CLANG_WARN_ENUM_CONVERSION = YES;
				CLANG_WARN_INFINITE_RECURSION = YES;
				CLANG_WARN_INT_CONVERSION = YES;
				CLANG_WARN_NON_LITERAL_NULL_CONVERSION = YES;
				CLANG_WARN_OBJC_IMPLICIT_RETAIN_SELF = YES;
				CLANG_WARN_OBJC_LITERAL_CONVERSION = YES;
				CLANG_WARN_OBJC_ROOT_CLASS = YES_ERROR;
				CLANG_WARN_QUOTED_INCLUDE_IN_FRAMEWORK_HEADER = YES;
				CLANG_WARN_RANGE_LOOP_ANALYSIS = YES;
				CLANG_WARN_STRICT_PROTOTYPES = YES;
				CLANG_WARN_SUSPICIOUS_MOVE = YES;
				CLANG_WARN_UNGUARDED_AVAILABILITY = YES_AGGRESSIVE;
				CLANG_WARN_UNREACHABLE_CODE = YES;
				CLANG_WARN__DUPLICATE_METHOD_MATCH = YES;
				COPY_PHASE_STRIP = NO;
				DEBUG_INFORMATION_FORMAT = dwarf;
				ENABLE_STRICT_OBJC_MSGSEND = YES;
				ENABLE_TESTABILITY = YES;
				ENABLE_USER_SCRIPT_SANDBOXING = NO;
				GCC_C_LANGUAGE_STANDARD = gnu17;
				GCC_DYNAMIC_NO_PIC = NO;
				GCC_NO_COMMON_BLOCKS = YES;
				GCC_OPTIMIZATION_LEVEL = 0;
				GCC_PREPROCESSOR_DEFINITIONS = (
					"DEBUG=1",
					"$(inherited)",
				);
				GCC_WARN_64_TO_32_BIT_CONVERSION = YES;
				GCC_WARN_ABOUT_RETURN_TYPE = YES_ERROR;
				GCC_WARN_UNDECLARED_SELECTOR = YES;
				GCC_WARN_UNINITIALIZED_AUTOS = YES_AGGRESSIVE;
				GCC_WARN_UNUSED_FUNCTION = YES;
				GCC_WARN_UNUSED_VARIABLE = YES;
				IPHONEOS_DEPLOYMENT_TARGET = 18.2;
				LOCALIZATION_PREFERS_STRING_CATALOGS = YES;
				MTL_ENABLE_DEBUG_INFO = INCLUDE_SOURCE;
				MTL_FAST_MATH = YES;
				ONLY_ACTIVE_ARCH = YES;
				SDKROOT = iphoneos;
				SWIFT_ACTIVE_COMPILATION_CONDITIONS = "DEBUG $(inherited)";
				SWIFT_OPTIMIZATION_LEVEL = "-Onone";
			};
			name = Debug;
		};
		D6D566982D276F3E004FDEC1 /* Release */ = {
			isa = XCBuildConfiguration;
			buildSettings = {
				ALWAYS_SEARCH_USER_PATHS = NO;
				ASSETCATALOG_COMPILER_GENERATE_SWIFT_ASSET_SYMBOL_EXTENSIONS = YES;
				CLANG_ANALYZER_NONNULL = YES;
				CLANG_ANALYZER_NUMBER_OBJECT_CONVERSION = YES_AGGRESSIVE;
				CLANG_CXX_LANGUAGE_STANDARD = "gnu++20";
				CLANG_ENABLE_MODULES = YES;
				CLANG_ENABLE_OBJC_ARC = YES;
				CLANG_ENABLE_OBJC_WEAK = YES;
				CLANG_WARN_BLOCK_CAPTURE_AUTORELEASING = YES;
				CLANG_WARN_BOOL_CONVERSION = YES;
				CLANG_WARN_COMMA = YES;
				CLANG_WARN_CONSTANT_CONVERSION = YES;
				CLANG_WARN_DEPRECATED_OBJC_IMPLEMENTATIONS = YES;
				CLANG_WARN_DIRECT_OBJC_ISA_USAGE = YES_ERROR;
				CLANG_WARN_DOCUMENTATION_COMMENTS = YES;
				CLANG_WARN_EMPTY_BODY = YES;
				CLANG_WARN_ENUM_CONVERSION = YES;
				CLANG_WARN_INFINITE_RECURSION = YES;
				CLANG_WARN_INT_CONVERSION = YES;
				CLANG_WARN_NON_LITERAL_NULL_CONVERSION = YES;
				CLANG_WARN_OBJC_IMPLICIT_RETAIN_SELF = YES;
				CLANG_WARN_OBJC_LITERAL_CONVERSION = YES;
				CLANG_WARN_OBJC_ROOT_CLASS = YES_ERROR;
				CLANG_WARN_QUOTED_INCLUDE_IN_FRAMEWORK_HEADER = YES;
				CLANG_WARN_RANGE_LOOP_ANALYSIS = YES;
				CLANG_WARN_STRICT_PROTOTYPES = YES;
				CLANG_WARN_SUSPICIOUS_MOVE = YES;
				CLANG_WARN_UNGUARDED_AVAILABILITY = YES_AGGRESSIVE;
				CLANG_WARN_UNREACHABLE_CODE = YES;
				CLANG_WARN__DUPLICATE_METHOD_MATCH = YES;
				COPY_PHASE_STRIP = NO;
				DEBUG_INFORMATION_FORMAT = "dwarf-with-dsym";
				ENABLE_NS_ASSERTIONS = NO;
				ENABLE_STRICT_OBJC_MSGSEND = YES;
				ENABLE_USER_SCRIPT_SANDBOXING = NO;
				GCC_C_LANGUAGE_STANDARD = gnu17;
				GCC_NO_COMMON_BLOCKS = YES;
				GCC_WARN_64_TO_32_BIT_CONVERSION = YES;
				GCC_WARN_ABOUT_RETURN_TYPE = YES_ERROR;
				GCC_WARN_UNDECLARED_SELECTOR = YES;
				GCC_WARN_UNINITIALIZED_AUTOS = YES_AGGRESSIVE;
				GCC_WARN_UNUSED_FUNCTION = YES;
				GCC_WARN_UNUSED_VARIABLE = YES;
				IPHONEOS_DEPLOYMENT_TARGET = 18.2;
				LOCALIZATION_PREFERS_STRING_CATALOGS = YES;
				MTL_ENABLE_DEBUG_INFO = NO;
				MTL_FAST_MATH = YES;
				SDKROOT = iphoneos;
				SWIFT_COMPILATION_MODE = wholemodule;
				VALIDATE_PRODUCT = YES;
			};
			name = Release;
		};
		D6D5669A2D276F3E004FDEC1 /* Debug */ = {
			isa = XCBuildConfiguration;
			buildSettings = {
				ASSETCATALOG_COMPILER_APPICON_NAME = AppIcon;
				ASSETCATALOG_COMPILER_GLOBAL_ACCENT_COLOR_NAME = AccentColor;
				CODE_SIGN_STYLE = Automatic;
				CURRENT_PROJECT_VERSION = 1;
				DEVELOPMENT_ASSET_PATHS = "\"CounterSample/Preview Content\"";
				DEVELOPMENT_TEAM = 3WDG4N9R8F;
				ENABLE_PREVIEWS = YES;
				GENERATE_INFOPLIST_FILE = YES;
				INFOPLIST_FILE = CounterSample/Info.plist;
				INFOPLIST_KEY_UIApplicationSceneManifest_Generation = YES;
				INFOPLIST_KEY_UIApplicationSupportsIndirectInputEvents = YES;
				INFOPLIST_KEY_UILaunchScreen_Generation = YES;
				INFOPLIST_KEY_UISupportedInterfaceOrientations_iPad = "UIInterfaceOrientationPortrait UIInterfaceOrientationPortraitUpsideDown UIInterfaceOrientationLandscapeLeft UIInterfaceOrientationLandscapeRight";
				INFOPLIST_KEY_UISupportedInterfaceOrientations_iPhone = "UIInterfaceOrientationPortrait UIInterfaceOrientationLandscapeLeft UIInterfaceOrientationLandscapeRight";
				LD_RUNPATH_SEARCH_PATHS = (
					"$(inherited)",
					"@executable_path/Frameworks",
				);
				MARKETING_VERSION = 1.0;
				PRODUCT_BUNDLE_IDENTIFIER = "com.yutori-develop.CounterSample";
				PRODUCT_NAME = "$(TARGET_NAME)";
				SWIFT_EMIT_LOC_STRINGS = YES;
				SWIFT_VERSION = 6.0;
				TARGETED_DEVICE_FAMILY = "1,2";
			};
			name = Debug;
		};
		D6D5669B2D276F3E004FDEC1 /* Release */ = {
			isa = XCBuildConfiguration;
			buildSettings = {
				ASSETCATALOG_COMPILER_APPICON_NAME = AppIcon;
				ASSETCATALOG_COMPILER_GLOBAL_ACCENT_COLOR_NAME = AccentColor;
				CODE_SIGN_STYLE = Automatic;
				CURRENT_PROJECT_VERSION = 1;
				DEVELOPMENT_ASSET_PATHS = "\"CounterSample/Preview Content\"";
				DEVELOPMENT_TEAM = 3WDG4N9R8F;
				ENABLE_PREVIEWS = YES;
				GENERATE_INFOPLIST_FILE = YES;
				INFOPLIST_FILE = CounterSample/Info.plist;
				INFOPLIST_KEY_UIApplicationSceneManifest_Generation = YES;
				INFOPLIST_KEY_UIApplicationSupportsIndirectInputEvents = YES;
				INFOPLIST_KEY_UILaunchScreen_Generation = YES;
				INFOPLIST_KEY_UISupportedInterfaceOrientations_iPad = "UIInterfaceOrientationPortrait UIInterfaceOrientationPortraitUpsideDown UIInterfaceOrientationLandscapeLeft UIInterfaceOrientationLandscapeRight";
				INFOPLIST_KEY_UISupportedInterfaceOrientations_iPhone = "UIInterfaceOrientationPortrait UIInterfaceOrientationLandscapeLeft UIInterfaceOrientationLandscapeRight";
				LD_RUNPATH_SEARCH_PATHS = (
					"$(inherited)",
					"@executable_path/Frameworks",
				);
				MARKETING_VERSION = 1.0;
				PRODUCT_BUNDLE_IDENTIFIER = "com.yutori-develop.CounterSample";
				PRODUCT_NAME = "$(TARGET_NAME)";
				SWIFT_EMIT_LOC_STRINGS = YES;
				SWIFT_VERSION = 6.0;
				TARGETED_DEVICE_FAMILY = "1,2";
			};
			name = Release;
		};
		D6D5669D2D276F3E004FDEC1 /* Debug */ = {
			isa = XCBuildConfiguration;
			buildSettings = {
				BUNDLE_LOADER = "$(TEST_HOST)";
				CODE_SIGN_STYLE = Automatic;
				CURRENT_PROJECT_VERSION = 1;
				DEVELOPMENT_TEAM = 3WDG4N9R8F;
				GENERATE_INFOPLIST_FILE = YES;
				IPHONEOS_DEPLOYMENT_TARGET = 18.2;
				MARKETING_VERSION = 1.0;
				PRODUCT_BUNDLE_IDENTIFIER = "com.yutori-develop.CounterSampleTests";
				PRODUCT_NAME = "$(TARGET_NAME)";
				SWIFT_EMIT_LOC_STRINGS = NO;
				SWIFT_VERSION = 6.0;
				TARGETED_DEVICE_FAMILY = "1,2";
				TEST_HOST = "$(BUILT_PRODUCTS_DIR)/CounterSample.app/$(BUNDLE_EXECUTABLE_FOLDER_PATH)/CounterSample";
			};
			name = Debug;
		};
		D6D5669E2D276F3E004FDEC1 /* Release */ = {
			isa = XCBuildConfiguration;
			buildSettings = {
				BUNDLE_LOADER = "$(TEST_HOST)";
				CODE_SIGN_STYLE = Automatic;
				CURRENT_PROJECT_VERSION = 1;
				DEVELOPMENT_TEAM = 3WDG4N9R8F;
				GENERATE_INFOPLIST_FILE = YES;
				IPHONEOS_DEPLOYMENT_TARGET = 18.2;
				MARKETING_VERSION = 1.0;
				PRODUCT_BUNDLE_IDENTIFIER = "com.yutori-develop.CounterSampleTests";
				PRODUCT_NAME = "$(TARGET_NAME)";
				SWIFT_EMIT_LOC_STRINGS = NO;
				SWIFT_VERSION = 6.0;
				TARGETED_DEVICE_FAMILY = "1,2";
				TEST_HOST = "$(BUILT_PRODUCTS_DIR)/CounterSample.app/$(BUNDLE_EXECUTABLE_FOLDER_PATH)/CounterSample";
			};
			name = Release;
		};
		D6D566A02D276F3E004FDEC1 /* Debug */ = {
			isa = XCBuildConfiguration;
			buildSettings = {
				CODE_SIGN_STYLE = Automatic;
				CURRENT_PROJECT_VERSION = 1;
				DEVELOPMENT_TEAM = 3WDG4N9R8F;
				GENERATE_INFOPLIST_FILE = YES;
				MARKETING_VERSION = 1.0;
				PRODUCT_BUNDLE_IDENTIFIER = "com.yutori-develop.CounterSampleUITests";
				PRODUCT_NAME = "$(TARGET_NAME)";
				SWIFT_EMIT_LOC_STRINGS = NO;
				SWIFT_VERSION = 6.0;
				TARGETED_DEVICE_FAMILY = "1,2";
				TEST_TARGET_NAME = CounterSample;
			};
			name = Debug;
		};
		D6D566A12D276F3E004FDEC1 /* Release */ = {
			isa = XCBuildConfiguration;
			buildSettings = {
				CODE_SIGN_STYLE = Automatic;
				CURRENT_PROJECT_VERSION = 1;
				DEVELOPMENT_TEAM = 3WDG4N9R8F;
				GENERATE_INFOPLIST_FILE = YES;
				MARKETING_VERSION = 1.0;
				PRODUCT_BUNDLE_IDENTIFIER = "com.yutori-develop.CounterSampleUITests";
				PRODUCT_NAME = "$(TARGET_NAME)";
				SWIFT_EMIT_LOC_STRINGS = NO;
				SWIFT_VERSION = 6.0;
				TARGETED_DEVICE_FAMILY = "1,2";
				TEST_TARGET_NAME = CounterSample;
			};
			name = Release;
		};
/* End XCBuildConfiguration section */

/* Begin XCConfigurationList section */
		D6D566702D276F3A004FDEC1 /* Build configuration list for PBXProject "CounterSample" */ = {
			isa = XCConfigurationList;
			buildConfigurations = (
				D6D566972D276F3E004FDEC1 /* Debug */,
				D6D566982D276F3E004FDEC1 /* Release */,
			);
			defaultConfigurationIsVisible = 0;
			defaultConfigurationName = Release;
		};
		D6D566992D276F3E004FDEC1 /* Build configuration list for PBXNativeTarget "CounterSample" */ = {
			isa = XCConfigurationList;
			buildConfigurations = (
				D6D5669A2D276F3E004FDEC1 /* Debug */,
				D6D5669B2D276F3E004FDEC1 /* Release */,
			);
			defaultConfigurationIsVisible = 0;
			defaultConfigurationName = Release;
		};
		D6D5669C2D276F3E004FDEC1 /* Build configuration list for PBXNativeTarget "CounterSampleTests" */ = {
			isa = XCConfigurationList;
			buildConfigurations = (
				D6D5669D2D276F3E004FDEC1 /* Debug */,
				D6D5669E2D276F3E004FDEC1 /* Release */,
			);
			defaultConfigurationIsVisible = 0;
			defaultConfigurationName = Release;
		};
		D6D5669F2D276F3E004FDEC1 /* Build configuration list for PBXNativeTarget "CounterSampleUITests" */ = {
			isa = XCConfigurationList;
			buildConfigurations = (
				D6D566A02D276F3E004FDEC1 /* Debug */,
				D6D566A12D276F3E004FDEC1 /* Release */,
			);
			defaultConfigurationIsVisible = 0;
			defaultConfigurationName = Release;
		};
/* End XCConfigurationList section */

/* Begin XCRemoteSwiftPackageReference section */
		D6D566A22D277477004FDEC1 /* XCRemoteSwiftPackageReference "SwiftLintPlugins" */ = {
			isa = XCRemoteSwiftPackageReference;
			repositoryURL = "https://github.com/SimplyDanny/SwiftLintPlugins";
			requirement = {
				kind = upToNextMajorVersion;
				minimumVersion = 0.57.1;
			};
		};
/* End XCRemoteSwiftPackageReference section */

/* Begin XCSwiftPackageProductDependency section */
		D6D566A32D27749B004FDEC1 /* SwiftLintBuildToolPlugin */ = {
			isa = XCSwiftPackageProductDependency;
			package = D6D566A22D277477004FDEC1 /* XCRemoteSwiftPackageReference "SwiftLintPlugins" */;
			productName = "plugin:SwiftLintBuildToolPlugin";
		};
		D6D566A52D2774AC004FDEC1 /* SwiftLintBuildToolPlugin */ = {
			isa = XCSwiftPackageProductDependency;
			package = D6D566A22D277477004FDEC1 /* XCRemoteSwiftPackageReference "SwiftLintPlugins" */;
			productName = "plugin:SwiftLintBuildToolPlugin";
		};
		D6D566A72D2774B2004FDEC1 /* SwiftLintBuildToolPlugin */ = {
			isa = XCSwiftPackageProductDependency;
			package = D6D566A22D277477004FDEC1 /* XCRemoteSwiftPackageReference "SwiftLintPlugins" */;
			productName = "plugin:SwiftLintBuildToolPlugin";
		};
/* End XCSwiftPackageProductDependency section */
	};
	rootObject = D6D5666D2D276F3A004FDEC1 /* Project object */;
}
